
Microsoft Visual Studio Solution File, Format Version 12.00
# Visual Studio Version 16
VisualStudioVersion = 16.0.29409.12
MinimumVisualStudioVersion = 10.0.40219.1
Project("{9A19103F-16F7-4668-BE54-9A1E7A4F7556}") = "dockerapi", "dockerapi.csproj", "{040165D1-FFE2-4BE3-B027-848DD15A6FA0}"
EndProject
Global
	GlobalSection(SolutionConfigurationPlatforms) = preSolution
		Debug|Any CPU = Debug|Any CPU
		Release|Any CPU = Release|Any CPU
	EndGlobalSection
	GlobalSection(ProjectConfigurationPlatforms) = postSolution
		{040165D1-FFE2-4BE3-B027-848DD15A6FA0}.Debug|Any CPU.ActiveCfg = Debug|Any CPU
		{040165D1-FFE2-4BE3-B027-848DD15A6FA0}.Debug|Any CPU.Build.0 = Debug|Any CPU
		{040165D1-FFE2-4BE3-B027-848DD15A6FA0}.Release|Any CPU.ActiveCfg = Release|Any CPU
		{040165D1-FFE2-4BE3-B027-848DD15A6FA0}.Release|Any CPU.Build.0 = Release|Any CPU
	EndGlobalSection
	GlobalSection(SolutionProperties) = preSolution
		HideSolutionNode = FALSE
	EndGlobalSection
	GlobalSection(ExtensibilityGlobals) = postSolution
		SolutionGuid = {1E2BB088-88F0-4B85-ACB2-0125B9B874F5}
	EndGlobalSection
EndGlobal
